
Microsoft Visual Studio Solution File, Format Version 12.00
# Visual Studio Version 16
VisualStudioVersion = 16.0.31424.327
MinimumVisualStudioVersion = 10.0.40219.1
Project("{FAE04EC0-301F-11D3-BF4B-00C04F79EFBC}") = "20220316_WinFormlar", "20220316_WinFormlar\20220316_WinFormlar.csproj", "{15D1404D-C5D2-4830-B7B7-4F2190AF66C7}"
EndProject
Global
	GlobalSection(SolutionConfigurationPlatforms) = preSolution
		Debug|Any CPU = Debug|Any CPU
		Release|Any CPU = Release|Any CPU
	EndGlobalSection
	GlobalSection(ProjectConfigurationPlatforms) = postSolution
		{15D1404D-C5D2-4830-B7B7-4F2190AF66C7}.Debug|Any CPU.ActiveCfg = Debug|Any CPU
		{15D1404D-C5D2-4830-B7B7-4F2190AF66C7}.Debug|Any CPU.Build.0 = Debug|Any CPU
		{15D1404D-C5D2-4830-B7B7-4F2190AF66C7}.Release|Any CPU.ActiveCfg = Release|Any CPU
		{15D1404D-C5D2-4830-B7B7-4F2190AF66C7}.Release|Any CPU.Build.0 = Release|Any CPU
	EndGlobalSection
	GlobalSection(SolutionProperties) = preSolution
		HideSolutionNode = FALSE
	EndGlobalSection
	GlobalSection(ExtensibilityGlobals) = postSolution
		SolutionGuid = {EA3B1F80-72F2-469E-BB14-4D1BEF58BD12}
	EndGlobalSection
EndGlobal
